
Microsoft Visual Studio Solution File, Format Version 12.00
# Visual Studio Version 17
VisualStudioVersion = 17.6.33829.357
MinimumVisualStudioVersion = 10.0.40219.1
Project("{FAE04EC0-301F-11D3-BF4B-00C04F79EFBC}") = "User.API", "User.API\User.API.csproj", "{BCB82650-C8B5-42EE-905B-2E9AFA2BFC37}"
EndProject
Project("{FAE04EC0-301F-11D3-BF4B-00C04F79EFBC}") = "Task.API", "Task.API\Task.API.csproj", "{F2712AF8-2AEC-4E39-B679-B3054CA9FFD9}"
EndProject
Project("{FAE04EC0-301F-11D3-BF4B-00C04F79EFBC}") = "Library.Backend", "Library.Backend\Library.Backend.csproj", "{BFB94A0C-D205-47BA-A169-A32AFB6185E1}"
EndProject
Global
	GlobalSection(SolutionConfigurationPlatforms) = preSolution
		Debug|Any CPU = Debug|Any CPU
		Release|Any CPU = Release|Any CPU
	EndGlobalSection
	GlobalSection(ProjectConfigurationPlatforms) = postSolution
		{BCB82650-C8B5-42EE-905B-2E9AFA2BFC37}.Debug|Any CPU.ActiveCfg = Debug|Any CPU
		{BCB82650-C8B5-42EE-905B-2E9AFA2BFC37}.Debug|Any CPU.Build.0 = Debug|Any CPU
		{BCB82650-C8B5-42EE-905B-2E9AFA2BFC37}.Release|Any CPU.ActiveCfg = Release|Any CPU
		{BCB82650-C8B5-42EE-905B-2E9AFA2BFC37}.Release|Any CPU.Build.0 = Release|Any CPU
		{F2712AF8-2AEC-4E39-B679-B3054CA9FFD9}.Debug|Any CPU.ActiveCfg = Debug|Any CPU
		{F2712AF8-2AEC-4E39-B679-B3054CA9FFD9}.Debug|Any CPU.Build.0 = Debug|Any CPU
		{F2712AF8-2AEC-4E39-B679-B3054CA9FFD9}.Release|Any CPU.ActiveCfg = Release|Any CPU
		{F2712AF8-2AEC-4E39-B679-B3054CA9FFD9}.Release|Any CPU.Build.0 = Release|Any CPU
		{BFB94A0C-D205-47BA-A169-A32AFB6185E1}.Debug|Any CPU.ActiveCfg = Debug|Any CPU
		{BFB94A0C-D205-47BA-A169-A32AFB6185E1}.Debug|Any CPU.Build.0 = Debug|Any CPU
		{BFB94A0C-D205-47BA-A169-A32AFB6185E1}.Release|Any CPU.ActiveCfg = Release|Any CPU
		{BFB94A0C-D205-47BA-A169-A32AFB6185E1}.Release|Any CPU.Build.0 = Release|Any CPU
	EndGlobalSection
	GlobalSection(SolutionProperties) = preSolution
		HideSolutionNode = FALSE
	EndGlobalSection
	GlobalSection(ExtensibilityGlobals) = postSolution
		SolutionGuid = {0E22E142-1FB5-495C-914F-A221CE62B0E4}
	EndGlobalSection
EndGlobal
